{
  "lockfileVersion": 1,
  "workspaces": {
    "": {
      "name": "giorgio-minecraft-discordbot",
      "dependencies": {
        "@ai-sdk/google": "^1.1.16",
        "@minecraft-js/rcon": "^1.1.0",
        "@prisma/client": "^6.3.1",
        "ai": "^4.1.45",
        "discord.js": "^14.18.0",
        "prisma": "^6.3.1",
      },
      "devDependencies": {
        "@types/bun": "latest",
      },
      "peerDependencies": {
        "typescript": "^5.0.0",
      },
    },
  },
  "packages": {
    "@ai-sdk/google": ["@ai-sdk/google@1.1.16", "", { "dependencies": { "@ai-sdk/provider": "1.0.8", "@ai-sdk/provider-utils": "2.1.9" }, "peerDependencies": { "zod": "^3.0.0" } }, "sha512-RxFzs0yq8qH2HzR8UpOCeUuSnKl3L0mDKZHlWFYpvdHnIB7KuR1pyP8uXOHaDRX/djoB/DIkXEkIVDOf/pEB1A=="],

    "@ai-sdk/provider": ["@ai-sdk/provider@1.0.8", "", { "dependencies": { "json-schema": "^0.4.0" } }, "sha512-f9jSYwKMdXvm44Dmab1vUBnfCDSFfI5rOtvV1W9oKB7WYHR5dGvCC6x68Mk3NUfrdmNoMVHGoh6JT9HCVMlMow=="],

    "@ai-sdk/provider-utils": ["@ai-sdk/provider-utils@2.1.9", "", { "dependencies": { "@ai-sdk/provider": "1.0.8", "eventsource-parser": "^3.0.0", "nanoid": "^3.3.8", "secure-json-parse": "^2.7.0" }, "peerDependencies": { "zod": "^3.0.0" }, "optionalPeers": ["zod"] }, "sha512-NerKjTuuUUs6glJGaentaXEBH52jRM0pR+cRCzc7aWke/K5jYBD6Frv1JYBpcxS7gnnCqSQZR9woiyS+6jrdjw=="],

    "@ai-sdk/react": ["@ai-sdk/react@1.1.17", "", { "dependencies": { "@ai-sdk/provider-utils": "2.1.9", "@ai-sdk/ui-utils": "1.1.15", "swr": "^2.2.5", "throttleit": "2.1.0" }, "peerDependencies": { "react": "^18 || ^19 || ^19.0.0-rc", "zod": "^3.0.0" }, "optionalPeers": ["react", "zod"] }, "sha512-NAuEflFvjw1uh1AOmpyi7rBF4xasWsiWUb86JQ8ScjDGxoGDYEdBnaHOxUpooLna0dGNbSPkvDMnVRhoLKoxPQ=="],

    "@ai-sdk/ui-utils": ["@ai-sdk/ui-utils@1.1.15", "", { "dependencies": { "@ai-sdk/provider": "1.0.8", "@ai-sdk/provider-utils": "2.1.9", "zod-to-json-schema": "^3.24.1" }, "peerDependencies": { "zod": "^3.0.0" }, "optionalPeers": ["zod"] }, "sha512-NsV/3CMmjc4m53snzRdtZM6teTQUXIKi8u0Kf7GBruSzaMSuZ4DWaAAlUshhR3p2FpZgtsogW+vYG1/rXsGu+Q=="],

    "@discordjs/builders": ["@discordjs/builders@1.10.1", "", { "dependencies": { "@discordjs/formatters": "^0.6.0", "@discordjs/util": "^1.1.1", "@sapphire/shapeshift": "^4.0.0", "discord-api-types": "^0.37.119", "fast-deep-equal": "^3.1.3", "ts-mixer": "^6.0.4", "tslib": "^2.6.3" } }, "sha512-OWo1fY4ztL1/M/DUyRPShB4d/EzVfuUvPTRRHRIt/YxBrUYSz0a+JicD5F5zHFoNs2oTuWavxCOVFV1UljHTng=="],

    "@discordjs/collection": ["@discordjs/collection@1.5.3", "", {}, "sha512-SVb428OMd3WO1paV3rm6tSjM4wC+Kecaa1EUGX7vc6/fddvw/6lg90z4QtCqm21zvVe92vMMDt9+DkIvjXImQQ=="],

    "@discordjs/formatters": ["@discordjs/formatters@0.6.0", "", { "dependencies": { "discord-api-types": "^0.37.114" } }, "sha512-YIruKw4UILt/ivO4uISmrGq2GdMY6EkoTtD0oS0GvkJFRZbTSdPhzYiUILbJ/QslsvC9H9nTgGgnarnIl4jMfw=="],

    "@discordjs/rest": ["@discordjs/rest@2.4.3", "", { "dependencies": { "@discordjs/collection": "^2.1.1", "@discordjs/util": "^1.1.1", "@sapphire/async-queue": "^1.5.3", "@sapphire/snowflake": "^3.5.3", "@vladfrangu/async_event_emitter": "^2.4.6", "discord-api-types": "^0.37.119", "magic-bytes.js": "^1.10.0", "tslib": "^2.6.3", "undici": "6.21.1" } }, "sha512-+SO4RKvWsM+y8uFHgYQrcTl/3+cY02uQOH7/7bKbVZsTfrfpoE62o5p+mmV+s7FVhTX82/kQUGGbu4YlV60RtA=="],

    "@discordjs/util": ["@discordjs/util@1.1.1", "", {}, "sha512-eddz6UnOBEB1oITPinyrB2Pttej49M9FZQY8NxgEvc3tq6ZICZ19m70RsmzRdDHk80O9NoYN/25AqJl8vPVf/g=="],

    "@discordjs/ws": ["@discordjs/ws@1.2.1", "", { "dependencies": { "@discordjs/collection": "^2.1.0", "@discordjs/rest": "^2.4.3", "@discordjs/util": "^1.1.0", "@sapphire/async-queue": "^1.5.2", "@types/ws": "^8.5.10", "@vladfrangu/async_event_emitter": "^2.2.4", "discord-api-types": "^0.37.119", "tslib": "^2.6.2", "ws": "^8.17.0" } }, "sha512-PBvenhZG56a6tMWF/f4P6f4GxZKJTBG95n7aiGSPTnodmz4N5g60t79rSIAq7ywMbv8A4jFtexMruH+oe51aQQ=="],

    "@minecraft-js/bufwrapper": ["@minecraft-js/bufwrapper@1.4.6", "", { "dependencies": { "@minecraft-js/uuid": "^1.0.3", "varint": "^6.0.0" } }, "sha512-+VD3Zq2S3q4EHsHNCFmNJKJbVSNBFROxMKEmwnC43GP2/AI+kb/gDro4UOq3lup4EGK0xNPTejUe1Qjq/sXt3Q=="],

    "@minecraft-js/rcon": ["@minecraft-js/rcon@1.1.0", "", { "dependencies": { "@minecraft-js/bufwrapper": "^1.4.3" } }, "sha512-U3X88Ju3WENHZzqMVDs4tEMKZ++DUPO4uqSO8WCsOnmFLG5bT7sxQff3/gfpKFejVJM6KV50UtF6ISJgdEINSw=="],

    "@minecraft-js/uuid": ["@minecraft-js/uuid@1.0.3", "", {}, "sha512-IOomvwaBUGctcSreU2QFLwlQoFyJItBrsEt9sMFylg7+cyuS7IwoMFvbbfeC3uFrfmudQQqD8/TUOG4zcbHGVg=="],

    "@opentelemetry/api": ["@opentelemetry/api@1.9.0", "", {}, "sha512-3giAOQvZiH5F9bMlMiv8+GSPMeqg0dbaeo58/0SlA9sxSqZhnUtxzX9/2FzyhS9sWQf5S0GJE0AKBrFqjpeYcg=="],

    "@prisma/client": ["@prisma/client@6.4.0", "", { "peerDependencies": { "prisma": "*", "typescript": ">=5.1.0" }, "optionalPeers": ["prisma", "typescript"] }, "sha512-48tLb+VL7iuuqJXjD4Xbqa622fuh8UtqmjTf39AKrQjlTUdNaMc9sC/c49eXQkcnrAdh9FoS1qVupmZSYiZ9TQ=="],

    "@prisma/debug": ["@prisma/debug@6.3.1", "", {}, "sha512-RrEBkd+HLZx+ydfmYT0jUj7wjLiS95wfTOSQ+8FQbvb6vHh5AeKfEPt/XUQ5+Buljj8hltEfOslEW57/wQIVeA=="],

    "@prisma/engines": ["@prisma/engines@6.3.1", "", { "dependencies": { "@prisma/debug": "6.3.1", "@prisma/engines-version": "6.3.0-17.acc0b9dd43eb689cbd20c9470515d719db10d0b0", "@prisma/fetch-engine": "6.3.1", "@prisma/get-platform": "6.3.1" } }, "sha512-sXdqEVLyGAJ5/iUoG/Ea5AdHMN71m6PzMBWRQnLmhhOejzqAaEr8rUd623ql6OJpED4s/U4vIn4dg1qkF7vGag=="],

    "@prisma/engines-version": ["@prisma/engines-version@6.3.0-17.acc0b9dd43eb689cbd20c9470515d719db10d0b0", "", {}, "sha512-R/ZcMuaWZT2UBmgX3Ko6PAV3f8//ZzsjRIG1eKqp3f2rqEqVtCv+mtzuH2rBPUC9ujJ5kCb9wwpxeyCkLcHVyA=="],

    "@prisma/fetch-engine": ["@prisma/fetch-engine@6.3.1", "", { "dependencies": { "@prisma/debug": "6.3.1", "@prisma/engines-version": "6.3.0-17.acc0b9dd43eb689cbd20c9470515d719db10d0b0", "@prisma/get-platform": "6.3.1" } }, "sha512-HOf/0umOgt+/S2xtZze+FHKoxpVg4YpVxROr6g2YG09VsI3Ipyb+rGvD6QGbCqkq5NTWAAZoOGNL+oy7t+IhaQ=="],

    "@prisma/get-platform": ["@prisma/get-platform@6.3.1", "", { "dependencies": { "@prisma/debug": "6.3.1" } }, "sha512-AYLq6Hk9xG73JdLWJ3Ip9Wg/vlP7xPvftGBalsPzKDOHr/ImhwJ09eS8xC2vNT12DlzGxhfk8BkL0ve2OriNhQ=="],

    "@sapphire/async-queue": ["@sapphire/async-queue@1.5.5", "", {}, "sha512-cvGzxbba6sav2zZkH8GPf2oGk9yYoD5qrNWdu9fRehifgnFZJMV+nuy2nON2roRO4yQQ+v7MK/Pktl/HgfsUXg=="],

    "@sapphire/shapeshift": ["@sapphire/shapeshift@4.0.0", "", { "dependencies": { "fast-deep-equal": "^3.1.3", "lodash": "^4.17.21" } }, "sha512-d9dUmWVA7MMiKobL3VpLF8P2aeanRTu6ypG2OIaEv/ZHH/SUQ2iHOVyi5wAPjQ+HmnMuL0whK9ez8I/raWbtIg=="],

    "@sapphire/snowflake": ["@sapphire/snowflake@3.5.3", "", {}, "sha512-jjmJywLAFoWeBi1W7994zZyiNWPIiqRRNAmSERxyg93xRGzNYvGjlZ0gR6x0F4gPRi2+0O6S71kOZYyr3cxaIQ=="],

    "@types/bun": ["@types/bun@1.2.2", "", { "dependencies": { "bun-types": "1.2.2" } }, "sha512-tr74gdku+AEDN5ergNiBnplr7hpDp3V1h7fqI2GcR/rsUaM39jpSeKH0TFibRvU0KwniRx5POgaYnaXbk0hU+w=="],

    "@types/diff-match-patch": ["@types/diff-match-patch@1.0.36", "", {}, "sha512-xFdR6tkm0MWvBfO8xXCSsinYxHcqkQUlcHeSpMC2ukzOb6lwQAfDmW+Qt0AvlGd8HpsS28qKsB+oPeJn9I39jg=="],

    "@types/node": ["@types/node@22.13.4", "", { "dependencies": { "undici-types": "~6.20.0" } }, "sha512-ywP2X0DYtX3y08eFVx5fNIw7/uIv8hYUKgXoK8oayJlLnKcRfEYCxWMVE1XagUdVtCJlZT1AU4LXEABW+L1Peg=="],

    "@types/ws": ["@types/ws@8.5.14", "", { "dependencies": { "@types/node": "*" } }, "sha512-bd/YFLW+URhBzMXurx7lWByOu+xzU9+kb3RboOteXYDfW+tr+JZa99OyNmPINEGB/ahzKrEuc8rcv4gnpJmxTw=="],

    "@vladfrangu/async_event_emitter": ["@vladfrangu/async_event_emitter@2.4.6", "", {}, "sha512-RaI5qZo6D2CVS6sTHFKg1v5Ohq/+Bo2LZ5gzUEwZ/WkHhwtGTCB/sVLw8ijOkAUxasZ+WshN/Rzj4ywsABJ5ZA=="],

    "ai": ["ai@4.1.45", "", { "dependencies": { "@ai-sdk/provider": "1.0.8", "@ai-sdk/provider-utils": "2.1.9", "@ai-sdk/react": "1.1.17", "@ai-sdk/ui-utils": "1.1.15", "@opentelemetry/api": "1.9.0", "jsondiffpatch": "0.6.0" }, "peerDependencies": { "react": "^18 || ^19 || ^19.0.0-rc", "zod": "^3.0.0" }, "optionalPeers": ["react", "zod"] }, "sha512-nQkxQ2zCD+O/h8zJ+PxmBv9coyMaG1uP9kGJvhNaGAA25hbZRQWL0NbTsSJ/QMOUraXKLa+6fBm3VF1NkJK9Kg=="],

    "bun-types": ["bun-types@1.2.2", "", { "dependencies": { "@types/node": "*", "@types/ws": "~8.5.10" } }, "sha512-RCbMH5elr9gjgDGDhkTTugA21XtJAy/9jkKe/G3WR2q17VPGhcquf9Sir6uay9iW+7P/BV0CAHA1XlHXMAVKHg=="],

    "chalk": ["chalk@5.4.1", "", {}, "sha512-zgVZuo2WcZgfUEmsn6eO3kINexW8RAE4maiQ8QNs8CtpPCSyMiYsULR3HQYkm3w8FIA3SberyMJMSldGsW+U3w=="],

    "dequal": ["dequal@2.0.3", "", {}, "sha512-0je+qPKHEMohvfRTCEo3CrPG6cAzAYgmzKyxRiYSSDkS6eGJdyVJm7WaYA5ECaAD9wLB2T4EEeymA5aFVcYXCA=="],

    "diff-match-patch": ["diff-match-patch@1.0.5", "", {}, "sha512-IayShXAgj/QMXgB0IWmKx+rOPuGMhqm5w6jvFxmVenXKIzRqTAAsbBPT3kWQeGANj3jGgvcvv4yK6SxqYmikgw=="],

    "discord-api-types": ["discord-api-types@0.37.119", "", {}, "sha512-WasbGFXEB+VQWXlo6IpW3oUv73Yuau1Ig4AZF/m13tXcTKnMpc/mHjpztIlz4+BM9FG9BHQkEXiPto3bKduQUg=="],

    "discord.js": ["discord.js@14.18.0", "", { "dependencies": { "@discordjs/builders": "^1.10.1", "@discordjs/collection": "1.5.3", "@discordjs/formatters": "^0.6.0", "@discordjs/rest": "^2.4.3", "@discordjs/util": "^1.1.1", "@discordjs/ws": "^1.2.1", "@sapphire/snowflake": "3.5.3", "discord-api-types": "^0.37.119", "fast-deep-equal": "3.1.3", "lodash.snakecase": "4.1.1", "tslib": "^2.6.3", "undici": "6.21.1" } }, "sha512-SvU5kVUvwunQhN2/+0t55QW/1EHfB1lp0TtLZUSXVHDmyHTrdOj5LRKdR0zLcybaA15F+NtdWuWmGOX9lE+CAw=="],

    "eventsource-parser": ["eventsource-parser@3.0.0", "", {}, "sha512-T1C0XCUimhxVQzW4zFipdx0SficT651NnkR0ZSH3yQwh+mFMdLfgjABVi4YtMTtaL4s168593DaoaRLMqryavA=="],

    "fast-deep-equal": ["fast-deep-equal@3.1.3", "", {}, "sha512-f3qQ9oQy9j2AhBe/H9VC91wLmKBCCU/gDOnKNAYG5hswO7BLKj09Hc5HYNz9cGI++xlpDCIgDaitVs03ATR84Q=="],

    "fsevents": ["fsevents@2.3.3", "", { "os": "darwin" }, "sha512-5xoDfX+fL7faATnagmWPpbFtwh/R77WmMMqqHGS65C3vvB0YHrgF+B1YmZ3441tMj5n63k0212XNoJwzlhffQw=="],

    "json-schema": ["json-schema@0.4.0", "", {}, "sha512-es94M3nTIfsEPisRafak+HDLfHXnKBhV3vU5eqPcS3flIWqcxJWgXHXiey3YrpaNsanY5ei1VoYEbOzijuq9BA=="],

    "jsondiffpatch": ["jsondiffpatch@0.6.0", "", { "dependencies": { "@types/diff-match-patch": "^1.0.36", "chalk": "^5.3.0", "diff-match-patch": "^1.0.5" }, "bin": { "jsondiffpatch": "bin/jsondiffpatch.js" } }, "sha512-3QItJOXp2AP1uv7waBkao5nCvhEv+QmJAd38Ybq7wNI74Q+BBmnLn4EDKz6yI9xGAIQoUF87qHt+kc1IVxB4zQ=="],

    "lodash": ["lodash@4.17.21", "", {}, "sha512-v2kDEe57lecTulaDIuNTPy3Ry4gLGJ6Z1O3vE1krgXZNrsQ+LFTGHVxVjcXPs17LhbZVGedAJv8XZ1tvj5FvSg=="],

    "lodash.snakecase": ["lodash.snakecase@4.1.1", "", {}, "sha512-QZ1d4xoBHYUeuouhEq3lk3Uq7ldgyFXGBhg04+oRLnIz8o9T65Eh+8YdroUwn846zchkA9yDsDl5CVVaV2nqYw=="],

    "magic-bytes.js": ["magic-bytes.js@1.10.0", "", {}, "sha512-/k20Lg2q8LE5xiaaSkMXk4sfvI+9EGEykFS4b0CHHGWqDYU0bGUFSwchNOMA56D7TCs9GwVTkqe9als1/ns8UQ=="],

    "nanoid": ["nanoid@3.3.8", "", { "bin": { "nanoid": "bin/nanoid.cjs" } }, "sha512-WNLf5Sd8oZxOm+TzppcYk8gVOgP+l58xNy58D0nbUnOxOWRWvlcCV4kUF7ltmI6PsrLl/BgKEyS4mqsGChFN0w=="],

    "prisma": ["prisma@6.3.1", "", { "dependencies": { "@prisma/engines": "6.3.1" }, "optionalDependencies": { "fsevents": "2.3.3" }, "peerDependencies": { "typescript": ">=5.1.0" }, "optionalPeers": ["typescript"], "bin": { "prisma": "build/index.js" } }, "sha512-JKCZWvBC3enxk51tY4TWzS4b5iRt4sSU1uHn2I183giZTvonXaQonzVtjLzpOHE7qu9MxY510kAtFGJwryKe3Q=="],

    "react": ["react@19.0.0", "", {}, "sha512-V8AVnmPIICiWpGfm6GLzCR/W5FXLchHop40W4nXBmdlEceh16rCN8O8LNWm5bh5XUX91fh7KpA+W0TgMKmgTpQ=="],

    "secure-json-parse": ["secure-json-parse@2.7.0", "", {}, "sha512-6aU+Rwsezw7VR8/nyvKTx8QpWH9FrcYiXXlqC4z5d5XQBDRqtbfsRjnwGyqbi3gddNtWHuEk9OANUotL26qKUw=="],

    "swr": ["swr@2.3.2", "", { "dependencies": { "dequal": "^2.0.3", "use-sync-external-store": "^1.4.0" }, "peerDependencies": { "react": "^16.11.0 || ^17.0.0 || ^18.0.0 || ^19.0.0" } }, "sha512-RosxFpiabojs75IwQ316DGoDRmOqtiAj0tg8wCcbEu4CiLZBs/a9QNtHV7TUfDXmmlgqij/NqzKq/eLelyv9xA=="],

    "throttleit": ["throttleit@2.1.0", "", {}, "sha512-nt6AMGKW1p/70DF/hGBdJB57B8Tspmbp5gfJ8ilhLnt7kkr2ye7hzD6NVG8GGErk2HWF34igrL2CXmNIkzKqKw=="],

    "ts-mixer": ["ts-mixer@6.0.4", "", {}, "sha512-ufKpbmrugz5Aou4wcr5Wc1UUFWOLhq+Fm6qa6P0w0K5Qw2yhaUoiWszhCVuNQyNwrlGiscHOmqYoAox1PtvgjA=="],

    "tslib": ["tslib@2.8.1", "", {}, "sha512-oJFu94HQb+KVduSUQL7wnpmqnfmLsOA/nAh6b6EH0wCEoK0/mPeXU6c3wKDV83MkOuHPRHtSXKKU99IBazS/2w=="],

    "typescript": ["typescript@5.7.3", "", { "bin": { "tsc": "bin/tsc", "tsserver": "bin/tsserver" } }, "sha512-84MVSjMEHP+FQRPy3pX9sTVV/INIex71s9TL2Gm5FG/WG1SqXeKyZ0k7/blY/4FdOzI12CBy1vGc4og/eus0fw=="],

    "undici": ["undici@6.21.1", "", {}, "sha512-q/1rj5D0/zayJB2FraXdaWxbhWiNKDvu8naDT2dl1yTlvJp4BLtOcp2a5BvgGNQpYYJzau7tf1WgKv3b+7mqpQ=="],

    "undici-types": ["undici-types@6.20.0", "", {}, "sha512-Ny6QZ2Nju20vw1SRHe3d9jVu6gJ+4e3+MMpqu7pqE5HT6WsTSlce++GQmK5UXS8mzV8DSYHrQH+Xrf2jVcuKNg=="],

    "use-sync-external-store": ["use-sync-external-store@1.4.0", "", { "peerDependencies": { "react": "^16.8.0 || ^17.0.0 || ^18.0.0 || ^19.0.0" } }, "sha512-9WXSPC5fMv61vaupRkCKCxsPxBocVnwakBEkMIHHpkTTg6icbJtg6jzgtLDm4bl3cSHAca52rYWih0k4K3PfHw=="],

    "varint": ["varint@6.0.0", "", {}, "sha512-cXEIW6cfr15lFv563k4GuVuW/fiwjknytD37jIOLSdSWuOI6WnO/oKwmP2FQTU2l01LP8/M5TSAJpzUaGe3uWg=="],

    "ws": ["ws@8.18.0", "", { "peerDependencies": { "bufferutil": "^4.0.1", "utf-8-validate": ">=5.0.2" }, "optionalPeers": ["bufferutil", "utf-8-validate"] }, "sha512-8VbfWfHLbbwu3+N6OKsOMpBdT4kXPDDB9cJk2bJ6mh9ucxdlnNvH1e+roYkKmN9Nxw2yjz7VzeO9oOz2zJ04Pw=="],

    "zod": ["zod@3.24.2", "", {}, "sha512-lY7CDW43ECgW9u1TcT3IoXHflywfVqDYze4waEz812jR/bZ8FHDsl7pFQoSZTz5N+2NqRXs8GBwnAwo3ZNxqhQ=="],

    "zod-to-json-schema": ["zod-to-json-schema@3.24.2", "", { "peerDependencies": { "zod": "^3.24.1" } }, "sha512-pNUqrcSxuuB3/+jBbU8qKUbTbDqYUaG1vf5cXFjbhGgoUuA1amO/y4Q8lzfOhHU8HNPK6VFJ18lBDKj3OHyDsg=="],

    "@discordjs/rest/@discordjs/collection": ["@discordjs/collection@2.1.1", "", {}, "sha512-LiSusze9Tc7qF03sLCujF5iZp7K+vRNEDBZ86FT9aQAv3vxMLihUvKvpsCWiQ2DJq1tVckopKm1rxomgNUc9hg=="],

    "@discordjs/ws/@discordjs/collection": ["@discordjs/collection@2.1.1", "", {}, "sha512-LiSusze9Tc7qF03sLCujF5iZp7K+vRNEDBZ86FT9aQAv3vxMLihUvKvpsCWiQ2DJq1tVckopKm1rxomgNUc9hg=="],
  }
}
